
Microsoft Visual Studio Solution File, Format Version 12.00
# Visual Studio 15
VisualStudioVersion = 15.0.28307.1062
MinimumVisualStudioVersion = 10.0.40219.1
Project("{FAE04EC0-301F-11D3-BF4B-00C04F79EFBC}") = "STUDENT-rezolvareSub-Ionita2020", "STUDENT-rezolvareSub-Ionita2020\STUDENT-rezolvareSub-Ionita2020.csproj", "{F531AA73-321B-4218-B50D-474DDD7685F4}"
EndProject
Global
	GlobalSection(SolutionConfigurationPlatforms) = preSolution
		Debug|Any CPU = Debug|Any CPU
		Release|Any CPU = Release|Any CPU
	EndGlobalSection
	GlobalSection(ProjectConfigurationPlatforms) = postSolution
		{F531AA73-321B-4218-B50D-474DDD7685F4}.Debug|Any CPU.ActiveCfg = Debug|Any CPU
		{F531AA73-321B-4218-B50D-474DDD7685F4}.Debug|Any CPU.Build.0 = Debug|Any CPU
		{F531AA73-321B-4218-B50D-474DDD7685F4}.Release|Any CPU.ActiveCfg = Release|Any CPU
		{F531AA73-321B-4218-B50D-474DDD7685F4}.Release|Any CPU.Build.0 = Release|Any CPU
	EndGlobalSection
	GlobalSection(SolutionProperties) = preSolution
		HideSolutionNode = FALSE
	EndGlobalSection
	GlobalSection(ExtensibilityGlobals) = postSolution
		SolutionGuid = {A73BB7E9-C773-4D19-AF6B-B5E8EB082855}
	EndGlobalSection
EndGlobal
