
Microsoft Visual Studio Solution File, Format Version 12.00
# Visual Studio Version 16
VisualStudioVersion = 16.0.29613.14
MinimumVisualStudioVersion = 10.0.40219.1
Project("{FAE04EC0-301F-11D3-BF4B-00C04F79EFBC}") = "Test2", "Test2\Test2.csproj", "{CEB6945E-5A58-4D9E-9A88-AA9B35D20FAA}"
EndProject
Global
	GlobalSection(SolutionConfigurationPlatforms) = preSolution
		Debug|Any CPU = Debug|Any CPU
		Release|Any CPU = Release|Any CPU
	EndGlobalSection
	GlobalSection(ProjectConfigurationPlatforms) = postSolution
		{CEB6945E-5A58-4D9E-9A88-AA9B35D20FAA}.Debug|Any CPU.ActiveCfg = Debug|Any CPU
		{CEB6945E-5A58-4D9E-9A88-AA9B35D20FAA}.Debug|Any CPU.Build.0 = Debug|Any CPU
		{CEB6945E-5A58-4D9E-9A88-AA9B35D20FAA}.Release|Any CPU.ActiveCfg = Release|Any CPU
		{CEB6945E-5A58-4D9E-9A88-AA9B35D20FAA}.Release|Any CPU.Build.0 = Release|Any CPU
	EndGlobalSection
	GlobalSection(SolutionProperties) = preSolution
		HideSolutionNode = FALSE
	EndGlobalSection
	GlobalSection(ExtensibilityGlobals) = postSolution
		SolutionGuid = {D55F7B2E-BC96-44FA-A39A-A62DE408BD28}
	EndGlobalSection
EndGlobal
