
Microsoft Visual Studio Solution File, Format Version 12.00
# Visual Studio Version 16
VisualStudioVersion = 16.0.29613.14
MinimumVisualStudioVersion = 10.0.40219.1
Project("{FAE04EC0-301F-11D3-BF4B-00C04F79EFBC}") = "Test1", "Test1\Test1.csproj", "{E3150EA2-D63D-4D24-B257-573649AADA24}"
EndProject
Global
	GlobalSection(SolutionConfigurationPlatforms) = preSolution
		Debug|Any CPU = Debug|Any CPU
		Release|Any CPU = Release|Any CPU
	EndGlobalSection
	GlobalSection(ProjectConfigurationPlatforms) = postSolution
		{E3150EA2-D63D-4D24-B257-573649AADA24}.Debug|Any CPU.ActiveCfg = Debug|Any CPU
		{E3150EA2-D63D-4D24-B257-573649AADA24}.Debug|Any CPU.Build.0 = Debug|Any CPU
		{E3150EA2-D63D-4D24-B257-573649AADA24}.Release|Any CPU.ActiveCfg = Release|Any CPU
		{E3150EA2-D63D-4D24-B257-573649AADA24}.Release|Any CPU.Build.0 = Release|Any CPU
	EndGlobalSection
	GlobalSection(SolutionProperties) = preSolution
		HideSolutionNode = FALSE
	EndGlobalSection
	GlobalSection(ExtensibilityGlobals) = postSolution
		SolutionGuid = {03F10365-CA78-447E-AFC7-369C37935443}
	EndGlobalSection
EndGlobal
